// !$*UTF8*$!
{
	archiveVersion = 1;
	classes = {
	};
	objectVersion = 55;
	objects = {

/* Begin PBXBuildFile section */
		CE7768D327EE42B10096F1BA /* Home.swift in Sources */ = {isa = PBXBuildFile; fileRef = CE7768D227EE42B10096F1BA /* Home.swift */; };
		CE7768D527EE42DF0096F1BA /* LoginIn.swift in Sources */ = {isa = PBXBuildFile; fileRef = CE7768D427EE42DF0096F1BA /* LoginIn.swift */; };
		CE7768D727EE43000096F1BA /* SignUp.swift in Sources */ = {isa = PBXBuildFile; fileRef = CE7768D627EE43000096F1BA /* SignUp.swift */; };
		CEA8F3F427E22A2200A37F20 /* Nomer_AppApp.swift in Sources */ = {isa = PBXBuildFile; fileRef = CEA8F3F327E22A2200A37F20 /* Nomer_AppApp.swift */; };
		CEA8F3F627E22A2200A37F20 /* HomePage.swift in Sources */ = {isa = PBXBuildFile; fileRef = CEA8F3F527E22A2200A37F20 /* HomePage.swift */; };
		CEA8F3F827E22A2300A37F20 /* Assets.xcassets in Resources */ = {isa = PBXBuildFile; fileRef = CEA8F3F727E22A2300A37F20 /* Assets.xcassets */; };
		CEA8F3FB27E22A2300A37F20 /* Preview Assets.xcassets in Resources */ = {isa = PBXBuildFile; fileRef = CEA8F3FA27E22A2300A37F20 /* Preview Assets.xcassets */; };
		CEA8F40427E22C8000A37F20 /* SearchPage.swift in Sources */ = {isa = PBXBuildFile; fileRef = CEA8F40327E22C8000A37F20 /* SearchPage.swift */; };
		CEA8F40627E22CD700A37F20 /* StaticPage.swift in Sources */ = {isa = PBXBuildFile; fileRef = CEA8F40527E22CD700A37F20 /* StaticPage.swift */; };
		CEA8F40827E22CF300A37F20 /* PersonSettingPage.swift in Sources */ = {isa = PBXBuildFile; fileRef = CEA8F40727E22CF300A37F20 /* PersonSettingPage.swift */; };
		CEA8F40A27E22D0C00A37F20 /* TabBar.swift in Sources */ = {isa = PBXBuildFile; fileRef = CEA8F40927E22D0C00A37F20 /* TabBar.swift */; };
		CEA8F40C27E22E4500A37F20 /* FirstPage.swift in Sources */ = {isa = PBXBuildFile; fileRef = CEA8F40B27E22E4500A37F20 /* FirstPage.swift */; };
		CEA8F40F27E234AA00A37F20 /* PersonMenu.swift in Sources */ = {isa = PBXBuildFile; fileRef = CEA8F40E27E234AA00A37F20 /* PersonMenu.swift */; };
		CEA8F41127E2459600A37F20 /* MyProfilePage.swift in Sources */ = {isa = PBXBuildFile; fileRef = CEA8F41027E2459600A37F20 /* MyProfilePage.swift */; };
		CEBC9A4327E7CB0600B2AEDE /* Persistence.swift in Sources */ = {isa = PBXBuildFile; fileRef = CEBC9A4227E7CB0600B2AEDE /* Persistence.swift */; };
		CEBC9A4927E911CA00B2AEDE /* TaskCoreData.xcdatamodeld in Sources */ = {isa = PBXBuildFile; fileRef = CEBC9A4727E911C900B2AEDE /* TaskCoreData.xcdatamodeld */; };
/* End PBXBuildFile section */

/* Begin PBXFileReference section */
		CE7768D227EE42B10096F1BA /* Home.swift */ = {isa = PBXFileReference; lastKnownFileType = sourcecode.swift; path = Home.swift; sourceTree = "<group>"; };
		CE7768D427EE42DF0096F1BA /* LoginIn.swift */ = {isa = PBXFileReference; lastKnownFileType = sourcecode.swift; path = LoginIn.swift; sourceTree = "<group>"; };
		CE7768D627EE43000096F1BA /* SignUp.swift */ = {isa = PBXFileReference; lastKnownFileType = sourcecode.swift; path = SignUp.swift; sourceTree = "<group>"; };
		CEA8F3F027E22A2200A37F20 /* Nomer!App.app */ = {isa = PBXFileReference; explicitFileType = wrapper.application; includeInIndex = 0; path = "Nomer!App.app"; sourceTree = BUILT_PRODUCTS_DIR; };
		CEA8F3F327E22A2200A37F20 /* Nomer_AppApp.swift */ = {isa = PBXFileReference; lastKnownFileType = sourcecode.swift; path = Nomer_AppApp.swift; sourceTree = "<group>"; };
		CEA8F3F527E22A2200A37F20 /* HomePage.swift */ = {isa = PBXFileReference; lastKnownFileType = sourcecode.swift; path = HomePage.swift; sourceTree = "<group>"; };
		CEA8F3F727E22A2300A37F20 /* Assets.xcassets */ = {isa = PBXFileReference; lastKnownFileType = folder.assetcatalog; path = Assets.xcassets; sourceTree = "<group>"; };
		CEA8F3FA27E22A2300A37F20 /* Preview Assets.xcassets */ = {isa = PBXFileReference; lastKnownFileType = folder.assetcatalog; path = "Preview Assets.xcassets"; sourceTree = "<group>"; };
		CEA8F40327E22C8000A37F20 /* SearchPage.swift */ = {isa = PBXFileReference; lastKnownFileType = sourcecode.swift; path = SearchPage.swift; sourceTree = "<group>"; };
		CEA8F40527E22CD700A37F20 /* StaticPage.swift */ = {isa = PBXFileReference; lastKnownFileType = sourcecode.swift; path = StaticPage.swift; sourceTree = "<group>"; };
		CEA8F40727E22CF300A37F20 /* PersonSettingPage.swift */ = {isa = PBXFileReference; lastKnownFileType = sourcecode.swift; path = PersonSettingPage.swift; sourceTree = "<group>"; };
		CEA8F40927E22D0C00A37F20 /* TabBar.swift */ = {isa = PBXFileReference; lastKnownFileType = sourcecode.swift; path = TabBar.swift; sourceTree = "<group>"; };
		CEA8F40B27E22E4500A37F20 /* FirstPage.swift */ = {isa = PBXFileReference; lastKnownFileType = sourcecode.swift; path = FirstPage.swift; sourceTree = "<group>"; };
		CEA8F40E27E234AA00A37F20 /* PersonMenu.swift */ = {isa = PBXFileReference; lastKnownFileType = sourcecode.swift; path = PersonMenu.swift; sourceTree = "<group>"; };
		CEA8F41027E2459600A37F20 /* MyProfilePage.swift */ = {isa = PBXFileReference; lastKnownFileType = sourcecode.swift; path = MyProfilePage.swift; sourceTree = "<group>"; };
		CEBC9A4227E7CB0600B2AEDE /* Persistence.swift */ = {isa = PBXFileReference; lastKnownFileType = sourcecode.swift; path = Persistence.swift; sourceTree = "<group>"; };
		CEBC9A4827E911C900B2AEDE /* TaskCoreData.xcdatamodel */ = {isa = PBXFileReference; lastKnownFileType = wrapper.xcdatamodel; path = TaskCoreData.xcdatamodel; sourceTree = "<group>"; };
/* End PBXFileReference section */

/* Begin PBXFrameworksBuildPhase section */
		CEA8F3ED27E22A2200A37F20 /* Frameworks */ = {
			isa = PBXFrameworksBuildPhase;
			buildActionMask = 2147483647;
			files = (
			);
			runOnlyForDeploymentPostprocessing = 0;
		};
/* End PBXFrameworksBuildPhase section */

/* Begin PBXGroup section */
		CE7768D127EE41EF0096F1BA /* RegistrationsPages */ = {
			isa = PBXGroup;
			children = (
				CE7768D227EE42B10096F1BA /* Home.swift */,
				CE7768D427EE42DF0096F1BA /* LoginIn.swift */,
				CE7768D627EE43000096F1BA /* SignUp.swift */,
			);
			path = RegistrationsPages;
			sourceTree = "<group>";
		};
		CEA8F3E727E22A2200A37F20 = {
			isa = PBXGroup;
			children = (
				CEA8F3F227E22A2200A37F20 /* Nomer!App */,
				CEA8F3F127E22A2200A37F20 /* Products */,
			);
			sourceTree = "<group>";
		};
		CEA8F3F127E22A2200A37F20 /* Products */ = {
			isa = PBXGroup;
			children = (
				CEA8F3F027E22A2200A37F20 /* Nomer!App.app */,
			);
			name = Products;
			sourceTree = "<group>";
		};
		CEA8F3F227E22A2200A37F20 /* Nomer!App */ = {
			isa = PBXGroup;
			children = (
				CEA8F3F327E22A2200A37F20 /* Nomer_AppApp.swift */,
				CEBC9A4727E911C900B2AEDE /* TaskCoreData.xcdatamodeld */,
				CEBC9A4227E7CB0600B2AEDE /* Persistence.swift */,
				CEA8F40127E22C2200A37F20 /* Screens */,
				CEA8F40D27E2348C00A37F20 /* AppDelatils */,
				CEA8F40227E22C3300A37F20 /* AppUtils */,
				CEA8F3F927E22A2300A37F20 /* Preview Content */,
			);
			path = "Nomer!App";
			sourceTree = "<group>";
		};
		CEA8F3F927E22A2300A37F20 /* Preview Content */ = {
			isa = PBXGroup;
			children = (
				CEA8F3FA27E22A2300A37F20 /* Preview Assets.xcassets */,
			);
			path = "Preview Content";
			sourceTree = "<group>";
		};
		CEA8F40127E22C2200A37F20 /* Screens */ = {
			isa = PBXGroup;
			children = (
				CE7768D127EE41EF0096F1BA /* RegistrationsPages */,
				CEA8F40B27E22E4500A37F20 /* FirstPage.swift */,
				CEA8F40927E22D0C00A37F20 /* TabBar.swift */,
				CEA8F3F527E22A2200A37F20 /* HomePage.swift */,
				CEA8F40327E22C8000A37F20 /* SearchPage.swift */,
				CEA8F40527E22CD700A37F20 /* StaticPage.swift */,
				CEA8F40727E22CF300A37F20 /* PersonSettingPage.swift */,
			);
			path = Screens;
			sourceTree = "<group>";
		};
		CEA8F40227E22C3300A37F20 /* AppUtils */ = {
			isa = PBXGroup;
			children = (
				CEA8F3F727E22A2300A37F20 /* Assets.xcassets */,
			);
			path = AppUtils;
			sourceTree = "<group>";
		};
		CEA8F40D27E2348C00A37F20 /* AppDelatils */ = {
			isa = PBXGroup;
			children = (
				CEA8F40E27E234AA00A37F20 /* PersonMenu.swift */,
				CEA8F41027E2459600A37F20 /* MyProfilePage.swift */,
			);
			path = AppDelatils;
			sourceTree = "<group>";
		};
/* End PBXGroup section */

/* Begin PBXNativeTarget section */
		CEA8F3EF27E22A2200A37F20 /* Nomer!App */ = {
			isa = PBXNativeTarget;
			buildConfigurationList = CEA8F3FE27E22A2300A37F20 /* Build configuration list for PBXNativeTarget "Nomer!App" */;
			buildPhases = (
				CEA8F3EC27E22A2200A37F20 /* Sources */,
				CEA8F3ED27E22A2200A37F20 /* Frameworks */,
				CEA8F3EE27E22A2200A37F20 /* Resources */,
			);
			buildRules = (
			);
			dependencies = (
			);
			name = "Nomer!App";
			productName = "Nomer!App";
			productReference = CEA8F3F027E22A2200A37F20 /* Nomer!App.app */;
			productType = "com.apple.product-type.application";
		};
/* End PBXNativeTarget section */

/* Begin PBXProject section */
		CEA8F3E827E22A2200A37F20 /* Project object */ = {
			isa = PBXProject;
			attributes = {
				BuildIndependentTargetsInParallel = 1;
				LastSwiftUpdateCheck = 1320;
				LastUpgradeCheck = 1320;
				TargetAttributes = {
					CEA8F3EF27E22A2200A37F20 = {
						CreatedOnToolsVersion = 13.2.1;
					};
				};
			};
			buildConfigurationList = CEA8F3EB27E22A2200A37F20 /* Build configuration list for PBXProject "Nomer!App" */;
			compatibilityVersion = "Xcode 13.0";
			developmentRegion = en;
			hasScannedForEncodings = 0;
			knownRegions = (
				en,
				Base,
			);
			mainGroup = CEA8F3E727E22A2200A37F20;
			productRefGroup = CEA8F3F127E22A2200A37F20 /* Products */;
			projectDirPath = "";
			projectRoot = "";
			targets = (
				CEA8F3EF27E22A2200A37F20 /* Nomer!App */,
			);
		};
/* End PBXProject section */

/* Begin PBXResourcesBuildPhase section */
		CEA8F3EE27E22A2200A37F20 /* Resources */ = {
			isa = PBXResourcesBuildPhase;
			buildActionMask = 2147483647;
			files = (
				CEA8F3FB27E22A2300A37F20 /* Preview Assets.xcassets in Resources */,
				CEA8F3F827E22A2300A37F20 /* Assets.xcassets in Resources */,
			);
			runOnlyForDeploymentPostprocessing = 0;
		};
/* End PBXResourcesBuildPhase section */

/* Begin PBXSourcesBuildPhase section */
		CEA8F3EC27E22A2200A37F20 /* Sources */ = {
			isa = PBXSourcesBuildPhase;
			buildActionMask = 2147483647;
			files = (
				CEA8F40627E22CD700A37F20 /* StaticPage.swift in Sources */,
				CEA8F3F627E22A2200A37F20 /* HomePage.swift in Sources */,
				CEA8F3F427E22A2200A37F20 /* Nomer_AppApp.swift in Sources */,
				CEA8F40C27E22E4500A37F20 /* FirstPage.swift in Sources */,
				CEA8F40A27E22D0C00A37F20 /* TabBar.swift in Sources */,
				CEA8F40427E22C8000A37F20 /* SearchPage.swift in Sources */,
				CE7768D527EE42DF0096F1BA /* LoginIn.swift in Sources */,
				CE7768D727EE43000096F1BA /* SignUp.swift in Sources */,
				CEA8F40827E22CF300A37F20 /* PersonSettingPage.swift in Sources */,
				CEBC9A4927E911CA00B2AEDE /* TaskCoreData.xcdatamodeld in Sources */,
				CEA8F41127E2459600A37F20 /* MyProfilePage.swift in Sources */,
				CEA8F40F27E234AA00A37F20 /* PersonMenu.swift in Sources */,
				CE7768D327EE42B10096F1BA /* Home.swift in Sources */,
				CEBC9A4327E7CB0600B2AEDE /* Persistence.swift in Sources */,
			);
			runOnlyForDeploymentPostprocessing = 0;
		};
/* End PBXSourcesBuildPhase section */

/* Begin XCBuildConfiguration section */
		CEA8F3FC27E22A2300A37F20 /* Debug */ = {
			isa = XCBuildConfiguration;
			buildSettings = {
				ALWAYS_SEARCH_USER_PATHS = NO;
				CLANG_ANALYZER_NONNULL = YES;
				CLANG_ANALYZER_NUMBER_OBJECT_CONVERSION = YES_AGGRESSIVE;
				CLANG_CXX_LANGUAGE_STANDARD = "gnu++17";
				CLANG_CXX_LIBRARY = "libc++";
				CLANG_ENABLE_MODULES = YES;
				CLANG_ENABLE_OBJC_ARC = YES;
				CLANG_ENABLE_OBJC_WEAK = YES;
				CLANG_WARN_BLOCK_CAPTURE_AUTORELEASING = YES;
				CLANG_WARN_BOOL_CONVERSION = YES;
				CLANG_WARN_COMMA = YES;
				CLANG_WARN_CONSTANT_CONVERSION = YES;
				CLANG_WARN_DEPRECATED_OBJC_IMPLEMENTATIONS = YES;
				CLANG_WARN_DIRECT_OBJC_ISA_USAGE = YES_ERROR;
				CLANG_WARN_DOCUMENTATION_COMMENTS = YES;
				CLANG_WARN_EMPTY_BODY = YES;
				CLANG_WARN_ENUM_CONVERSION = YES;
				CLANG_WARN_INFINITE_RECURSION = YES;
				CLANG_WARN_INT_CONVERSION = YES;
				CLANG_WARN_NON_LITERAL_NULL_CONVERSION = YES;
				CLANG_WARN_OBJC_IMPLICIT_RETAIN_SELF = YES;
				CLANG_WARN_OBJC_LITERAL_CONVERSION = YES;
				CLANG_WARN_OBJC_ROOT_CLASS = YES_ERROR;
				CLANG_WARN_QUOTED_INCLUDE_IN_FRAMEWORK_HEADER = YES;
				CLANG_WARN_RANGE_LOOP_ANALYSIS = YES;
				CLANG_WARN_STRICT_PROTOTYPES = YES;
				CLANG_WARN_SUSPICIOUS_MOVE = YES;
				CLANG_WARN_UNGUARDED_AVAILABILITY = YES_AGGRESSIVE;
				CLANG_WARN_UNREACHABLE_CODE = YES;
				CLANG_WARN__DUPLICATE_METHOD_MATCH = YES;
				COPY_PHASE_STRIP = NO;
				DEBUG_INFORMATION_FORMAT = dwarf;
				ENABLE_STRICT_OBJC_MSGSEND = YES;
				ENABLE_TESTABILITY = YES;
				GCC_C_LANGUAGE_STANDARD = gnu11;
				GCC_DYNAMIC_NO_PIC = NO;
				GCC_NO_COMMON_BLOCKS = YES;
				GCC_OPTIMIZATION_LEVEL = 0;
				GCC_PREPROCESSOR_DEFINITIONS = (
					"DEBUG=1",
					"$(inherited)",
				);
				GCC_WARN_64_TO_32_BIT_CONVERSION = YES;
				GCC_WARN_ABOUT_RETURN_TYPE = YES_ERROR;
				GCC_WARN_UNDECLARED_SELECTOR = YES;
				GCC_WARN_UNINITIALIZED_AUTOS = YES_AGGRESSIVE;
				GCC_WARN_UNUSED_FUNCTION = YES;
				GCC_WARN_UNUSED_VARIABLE = YES;
				IPHONEOS_DEPLOYMENT_TARGET = 15.2;
				MTL_ENABLE_DEBUG_INFO = INCLUDE_SOURCE;
				MTL_FAST_MATH = YES;
				ONLY_ACTIVE_ARCH = YES;
				SDKROOT = iphoneos;
				SWIFT_ACTIVE_COMPILATION_CONDITIONS = DEBUG;
				SWIFT_OPTIMIZATION_LEVEL = "-Onone";
			};
			name = Debug;
		};
		CEA8F3FD27E22A2300A37F20 /* Release */ = {
			isa = XCBuildConfiguration;
			buildSettings = {
				ALWAYS_SEARCH_USER_PATHS = NO;
				CLANG_ANALYZER_NONNULL = YES;
				CLANG_ANALYZER_NUMBER_OBJECT_CONVERSION = YES_AGGRESSIVE;
				CLANG_CXX_LANGUAGE_STANDARD = "gnu++17";
				CLANG_CXX_LIBRARY = "libc++";
				CLANG_ENABLE_MODULES = YES;
				CLANG_ENABLE_OBJC_ARC = YES;
				CLANG_ENABLE_OBJC_WEAK = YES;
				CLANG_WARN_BLOCK_CAPTURE_AUTORELEASING = YES;
				CLANG_WARN_BOOL_CONVERSION = YES;
				CLANG_WARN_COMMA = YES;
				CLANG_WARN_CONSTANT_CONVERSION = YES;
				CLANG_WARN_DEPRECATED_OBJC_IMPLEMENTATIONS = YES;
				CLANG_WARN_DIRECT_OBJC_ISA_USAGE = YES_ERROR;
				CLANG_WARN_DOCUMENTATION_COMMENTS = YES;
				CLANG_WARN_EMPTY_BODY = YES;
				CLANG_WARN_ENUM_CONVERSION = YES;
				CLANG_WARN_INFINITE_RECURSION = YES;
				CLANG_WARN_INT_CONVERSION = YES;
				CLANG_WARN_NON_LITERAL_NULL_CONVERSION = YES;
				CLANG_WARN_OBJC_IMPLICIT_RETAIN_SELF = YES;
				CLANG_WARN_OBJC_LITERAL_CONVERSION = YES;
				CLANG_WARN_OBJC_ROOT_CLASS = YES_ERROR;
				CLANG_WARN_QUOTED_INCLUDE_IN_FRAMEWORK_HEADER = YES;
				CLANG_WARN_RANGE_LOOP_ANALYSIS = YES;
				CLANG_WARN_STRICT_PROTOTYPES = YES;
				CLANG_WARN_SUSPICIOUS_MOVE = YES;
				CLANG_WARN_UNGUARDED_AVAILABILITY = YES_AGGRESSIVE;
				CLANG_WARN_UNREACHABLE_CODE = YES;
				CLANG_WARN__DUPLICATE_METHOD_MATCH = YES;
				COPY_PHASE_STRIP = NO;
				DEBUG_INFORMATION_FORMAT = "dwarf-with-dsym";
				ENABLE_NS_ASSERTIONS = NO;
				ENABLE_STRICT_OBJC_MSGSEND = YES;
				GCC_C_LANGUAGE_STANDARD = gnu11;
				GCC_NO_COMMON_BLOCKS = YES;
				GCC_WARN_64_TO_32_BIT_CONVERSION = YES;
				GCC_WARN_ABOUT_RETURN_TYPE = YES_ERROR;
				GCC_WARN_UNDECLARED_SELECTOR = YES;
				GCC_WARN_UNINITIALIZED_AUTOS = YES_AGGRESSIVE;
				GCC_WARN_UNUSED_FUNCTION = YES;
				GCC_WARN_UNUSED_VARIABLE = YES;
				IPHONEOS_DEPLOYMENT_TARGET = 15.2;
				MTL_ENABLE_DEBUG_INFO = NO;
				MTL_FAST_MATH = YES;
				SDKROOT = iphoneos;
				SWIFT_COMPILATION_MODE = wholemodule;
				SWIFT_OPTIMIZATION_LEVEL = "-O";
				VALIDATE_PRODUCT = YES;
			};
			name = Release;
		};
		CEA8F3FF27E22A2300A37F20 /* Debug */ = {
			isa = XCBuildConfiguration;
			buildSettings = {
				ASSETCATALOG_COMPILER_APPICON_NAME = AppIcon;
				ASSETCATALOG_COMPILER_GLOBAL_ACCENT_COLOR_NAME = AccentColor;
				CODE_SIGN_STYLE = Automatic;
				CURRENT_PROJECT_VERSION = 1;
				DEVELOPMENT_ASSET_PATHS = "\"Nomer!App/Preview Content\"";
				DEVELOPMENT_TEAM = LZ5UZD89X3;
				ENABLE_PREVIEWS = YES;
				GENERATE_INFOPLIST_FILE = YES;
				INFOPLIST_KEY_UIApplicationSceneManifest_Generation = YES;
				INFOPLIST_KEY_UIApplicationSupportsIndirectInputEvents = YES;
				INFOPLIST_KEY_UILaunchScreen_Generation = YES;
				INFOPLIST_KEY_UISupportedInterfaceOrientations_iPad = "UIInterfaceOrientationPortrait UIInterfaceOrientationPortraitUpsideDown UIInterfaceOrientationLandscapeLeft UIInterfaceOrientationLandscapeRight";
				INFOPLIST_KEY_UISupportedInterfaceOrientations_iPhone = "UIInterfaceOrientationPortrait UIInterfaceOrientationLandscapeLeft UIInterfaceOrientationLandscapeRight";
				LD_RUNPATH_SEARCH_PATHS = (
					"$(inherited)",
					"@executable_path/Frameworks",
				);
				MARKETING_VERSION = 1.0;
				PRODUCT_BUNDLE_IDENTIFIER = "com.iMtRo.Nomer-App";
				PRODUCT_NAME = "$(TARGET_NAME)";
				SWIFT_EMIT_LOC_STRINGS = YES;
				SWIFT_VERSION = 5.0;
				TARGETED_DEVICE_FAMILY = "1,2";
			};
			name = Debug;
		};
		CEA8F40027E22A2300A37F20 /* Release */ = {
			isa = XCBuildConfiguration;
			buildSettings = {
				ASSETCATALOG_COMPILER_APPICON_NAME = AppIcon;
				ASSETCATALOG_COMPILER_GLOBAL_ACCENT_COLOR_NAME = AccentColor;
				CODE_SIGN_STYLE = Automatic;
				CURRENT_PROJECT_VERSION = 1;
				DEVELOPMENT_ASSET_PATHS = "\"Nomer!App/Preview Content\"";
				DEVELOPMENT_TEAM = LZ5UZD89X3;
				ENABLE_PREVIEWS = YES;
				GENERATE_INFOPLIST_FILE = YES;
				INFOPLIST_KEY_UIApplicationSceneManifest_Generation = YES;
				INFOPLIST_KEY_UIApplicationSupportsIndirectInputEvents = YES;
				INFOPLIST_KEY_UILaunchScreen_Generation = YES;
				INFOPLIST_KEY_UISupportedInterfaceOrientations_iPad = "UIInterfaceOrientationPortrait UIInterfaceOrientationPortraitUpsideDown UIInterfaceOrientationLandscapeLeft UIInterfaceOrientationLandscapeRight";
				INFOPLIST_KEY_UISupportedInterfaceOrientations_iPhone = "UIInterfaceOrientationPortrait UIInterfaceOrientationLandscapeLeft UIInterfaceOrientationLandscapeRight";
				LD_RUNPATH_SEARCH_PATHS = (
					"$(inherited)",
					"@executable_path/Frameworks",
				);
				MARKETING_VERSION = 1.0;
				PRODUCT_BUNDLE_IDENTIFIER = "com.iMtRo.Nomer-App";
				PRODUCT_NAME = "$(TARGET_NAME)";
				SWIFT_EMIT_LOC_STRINGS = YES;
				SWIFT_VERSION = 5.0;
				TARGETED_DEVICE_FAMILY = "1,2";
			};
			name = Release;
		};
/* End XCBuildConfiguration section */

/* Begin XCConfigurationList section */
		CEA8F3EB27E22A2200A37F20 /* Build configuration list for PBXProject "Nomer!App" */ = {
			isa = XCConfigurationList;
			buildConfigurations = (
				CEA8F3FC27E22A2300A37F20 /* Debug */,
				CEA8F3FD27E22A2300A37F20 /* Release */,
			);
			defaultConfigurationIsVisible = 0;
			defaultConfigurationName = Release;
		};
		CEA8F3FE27E22A2300A37F20 /* Build configuration list for PBXNativeTarget "Nomer!App" */ = {
			isa = XCConfigurationList;
			buildConfigurations = (
				CEA8F3FF27E22A2300A37F20 /* Debug */,
				CEA8F40027E22A2300A37F20 /* Release */,
			);
			defaultConfigurationIsVisible = 0;
			defaultConfigurationName = Release;
		};
/* End XCConfigurationList section */

/* Begin XCVersionGroup section */
		CEBC9A4727E911C900B2AEDE /* TaskCoreData.xcdatamodeld */ = {
			isa = XCVersionGroup;
			children = (
				CEBC9A4827E911C900B2AEDE /* TaskCoreData.xcdatamodel */,
			);
			currentVersion = CEBC9A4827E911C900B2AEDE /* TaskCoreData.xcdatamodel */;
			path = TaskCoreData.xcdatamodeld;
			sourceTree = "<group>";
			versionGroupType = wrapper.xcdatamodel;
		};
/* End XCVersionGroup section */
	};
	rootObject = CEA8F3E827E22A2200A37F20 /* Project object */;
}
